// !$*UTF8*$!
{
	archiveVersion = 1;
	classes = {
	};
	objectVersion = 50;
	objects = {

/* Begin PBXBuildFile section */
		43E90B6083D5A5DEDAF0C218 /* Pods_LintSchool.framework in Frameworks */ = {isa = PBXBuildFile; fileRef = E3B4D88EB87665723E73E0E9 /* Pods_LintSchool.framework */; };
		AF83773E2464AE96002219F5 /* Analytics.framework in Frameworks */ = {isa = PBXBuildFile; fileRef = AF83773B2464AE96002219F5 /* Analytics.framework */; };
		AF83773F2464AE96002219F5 /* Analytics.framework in Embed Frameworks */ = {isa = PBXBuildFile; fileRef = AF83773B2464AE96002219F5 /* Analytics.framework */; settings = {ATTRIBUTES = (CodeSignOnCopy, RemoveHeadersOnCopy, ); }; };
		AF8377402464AE96002219F5 /* Catalog.framework in Frameworks */ = {isa = PBXBuildFile; fileRef = AF83773C2464AE96002219F5 /* Catalog.framework */; };
		AF8377412464AE96002219F5 /* Catalog.framework in Embed Frameworks */ = {isa = PBXBuildFile; fileRef = AF83773C2464AE96002219F5 /* Catalog.framework */; settings = {ATTRIBUTES = (CodeSignOnCopy, RemoveHeadersOnCopy, ); }; };
		AF8377422464AE96002219F5 /* Course.framework in Frameworks */ = {isa = PBXBuildFile; fileRef = AF83773D2464AE96002219F5 /* Course.framework */; };
		AF8377432464AE96002219F5 /* Course.framework in Embed Frameworks */ = {isa = PBXBuildFile; fileRef = AF83773D2464AE96002219F5 /* Course.framework */; settings = {ATTRIBUTES = (CodeSignOnCopy, RemoveHeadersOnCopy, ); }; };
		AF9460282464A876004F1282 /* AppDelegate.swift in Sources */ = {isa = PBXBuildFile; fileRef = AF9460272464A876004F1282 /* AppDelegate.swift */; };
		AF94602A2464A876004F1282 /* SceneDelegate.swift in Sources */ = {isa = PBXBuildFile; fileRef = AF9460292464A876004F1282 /* SceneDelegate.swift */; };
		AF9460312464A877004F1282 /* Assets.xcassets in Resources */ = {isa = PBXBuildFile; fileRef = AF9460302464A877004F1282 /* Assets.xcassets */; };
		AF9460342464A877004F1282 /* LaunchScreen.storyboard in Resources */ = {isa = PBXBuildFile; fileRef = AF9460322464A877004F1282 /* LaunchScreen.storyboard */; };
		AF9460412464A94C004F1282 /* MainCoordinator.swift in Sources */ = {isa = PBXBuildFile; fileRef = AF94603E2464A94C004F1282 /* MainCoordinator.swift */; };
		AF9460422464A94C004F1282 /* CatalogCoordinator.swift in Sources */ = {isa = PBXBuildFile; fileRef = AF94603F2464A94C004F1282 /* CatalogCoordinator.swift */; };
		AF9460432464A94C004F1282 /* CourseCoordinator.swift in Sources */ = {isa = PBXBuildFile; fileRef = AF9460402464A94C004F1282 /* CourseCoordinator.swift */; };
		AF9460462464A962004F1282 /* HomeViewController.xib in Resources */ = {isa = PBXBuildFile; fileRef = AF9460442464A962004F1282 /* HomeViewController.xib */; };
		AF9460472464A962004F1282 /* HomeViewController.swift in Sources */ = {isa = PBXBuildFile; fileRef = AF9460452464A962004F1282 /* HomeViewController.swift */; };
		AF94608E2464AB53004F1282 /* Common.framework in Frameworks */ = {isa = PBXBuildFile; fileRef = AF94608D2464AB53004F1282 /* Common.framework */; };
		AF94608F2464AB53004F1282 /* Common.framework in Embed Frameworks */ = {isa = PBXBuildFile; fileRef = AF94608D2464AB53004F1282 /* Common.framework */; settings = {ATTRIBUTES = (CodeSignOnCopy, RemoveHeadersOnCopy, ); }; };
		AFD34A162464CF71008DE2F3 /* Configuration.swift in Sources */ = {isa = PBXBuildFile; fileRef = AFD34A152464CF71008DE2F3 /* Configuration.swift */; };
/* End PBXBuildFile section */

/* Begin PBXCopyFilesBuildPhase section */
		AF9460902464AB53004F1282 /* Embed Frameworks */ = {
			isa = PBXCopyFilesBuildPhase;
			buildActionMask = 2147483647;
			dstPath = "";
			dstSubfolderSpec = 10;
			files = (
				AF8377412464AE96002219F5 /* Catalog.framework in Embed Frameworks */,
				AF8377432464AE96002219F5 /* Course.framework in Embed Frameworks */,
				AF94608F2464AB53004F1282 /* Common.framework in Embed Frameworks */,
				AF83773F2464AE96002219F5 /* Analytics.framework in Embed Frameworks */,
			);
			name = "Embed Frameworks";
			runOnlyForDeploymentPostprocessing = 0;
		};
/* End PBXCopyFilesBuildPhase section */

/* Begin PBXFileReference section */
		211F3DCE9DE3F824F6F6C453 /* Pods-LintSchool.debug.xcconfig */ = {isa = PBXFileReference; includeInIndex = 1; lastKnownFileType = text.xcconfig; name = "Pods-LintSchool.debug.xcconfig"; path = "Target Support Files/Pods-LintSchool/Pods-LintSchool.debug.xcconfig"; sourceTree = "<group>"; };
		5A74AAAE29F413524C301EAF /* Pods-LintSchool.release.xcconfig */ = {isa = PBXFileReference; includeInIndex = 1; lastKnownFileType = text.xcconfig; name = "Pods-LintSchool.release.xcconfig"; path = "Target Support Files/Pods-LintSchool/Pods-LintSchool.release.xcconfig"; sourceTree = "<group>"; };
		9A595B988D253E97EF9ED742 /* Pods-LintSchool.beta.xcconfig */ = {isa = PBXFileReference; includeInIndex = 1; lastKnownFileType = text.xcconfig; name = "Pods-LintSchool.beta.xcconfig"; path = "Target Support Files/Pods-LintSchool/Pods-LintSchool.beta.xcconfig"; sourceTree = "<group>"; };
		AF83773B2464AE96002219F5 /* Analytics.framework */ = {isa = PBXFileReference; explicitFileType = wrapper.framework; path = Analytics.framework; sourceTree = BUILT_PRODUCTS_DIR; };
		AF83773C2464AE96002219F5 /* Catalog.framework */ = {isa = PBXFileReference; explicitFileType = wrapper.framework; path = Catalog.framework; sourceTree = BUILT_PRODUCTS_DIR; };
		AF83773D2464AE96002219F5 /* Course.framework */ = {isa = PBXFileReference; explicitFileType = wrapper.framework; path = Course.framework; sourceTree = BUILT_PRODUCTS_DIR; };
		AF9460242464A876004F1282 /* LintSchool.app */ = {isa = PBXFileReference; explicitFileType = wrapper.application; includeInIndex = 0; path = LintSchool.app; sourceTree = BUILT_PRODUCTS_DIR; };
		AF9460272464A876004F1282 /* AppDelegate.swift */ = {isa = PBXFileReference; lastKnownFileType = sourcecode.swift; name = AppDelegate.swift; path = ../AppDelegate.swift; sourceTree = "<group>"; };
		AF9460292464A876004F1282 /* SceneDelegate.swift */ = {isa = PBXFileReference; lastKnownFileType = sourcecode.swift; name = SceneDelegate.swift; path = ../SceneDelegate.swift; sourceTree = "<group>"; };
		AF9460302464A877004F1282 /* Assets.xcassets */ = {isa = PBXFileReference; lastKnownFileType = folder.assetcatalog; path = Assets.xcassets; sourceTree = "<group>"; };
		AF9460332464A877004F1282 /* Base */ = {isa = PBXFileReference; lastKnownFileType = file.storyboard; name = Base; path = Base.lproj/LaunchScreen.storyboard; sourceTree = "<group>"; };
		AF9460352464A877004F1282 /* Info.plist */ = {isa = PBXFileReference; lastKnownFileType = text.plist.xml; path = Info.plist; sourceTree = "<group>"; };
		AF94603E2464A94C004F1282 /* MainCoordinator.swift */ = {isa = PBXFileReference; fileEncoding = 4; lastKnownFileType = sourcecode.swift; path = MainCoordinator.swift; sourceTree = "<group>"; };
		AF94603F2464A94C004F1282 /* CatalogCoordinator.swift */ = {isa = PBXFileReference; fileEncoding = 4; lastKnownFileType = sourcecode.swift; path = CatalogCoordinator.swift; sourceTree = "<group>"; };
		AF9460402464A94C004F1282 /* CourseCoordinator.swift */ = {isa = PBXFileReference; fileEncoding = 4; lastKnownFileType = sourcecode.swift; path = CourseCoordinator.swift; sourceTree = "<group>"; };
		AF9460442464A962004F1282 /* HomeViewController.xib */ = {isa = PBXFileReference; fileEncoding = 4; lastKnownFileType = file.xib; path = HomeViewController.xib; sourceTree = "<group>"; };
		AF9460452464A962004F1282 /* HomeViewController.swift */ = {isa = PBXFileReference; fileEncoding = 4; lastKnownFileType = sourcecode.swift; path = HomeViewController.swift; sourceTree = "<group>"; };
		AF94608D2464AB53004F1282 /* Common.framework */ = {isa = PBXFileReference; explicitFileType = wrapper.framework; path = Common.framework; sourceTree = BUILT_PRODUCTS_DIR; };
		AFD34A152464CF71008DE2F3 /* Configuration.swift */ = {isa = PBXFileReference; lastKnownFileType = sourcecode.swift; path = Configuration.swift; sourceTree = "<group>"; };
		C755F89875D727FFF26E3165 /* Pods-LintSchool.alpha.xcconfig */ = {isa = PBXFileReference; includeInIndex = 1; lastKnownFileType = text.xcconfig; name = "Pods-LintSchool.alpha.xcconfig"; path = "Target Support Files/Pods-LintSchool/Pods-LintSchool.alpha.xcconfig"; sourceTree = "<group>"; };
		E3B4D88EB87665723E73E0E9 /* Pods_LintSchool.framework */ = {isa = PBXFileReference; explicitFileType = wrapper.framework; includeInIndex = 0; path = Pods_LintSchool.framework; sourceTree = BUILT_PRODUCTS_DIR; };
/* End PBXFileReference section */

/* Begin PBXFrameworksBuildPhase section */
		AF9460212464A876004F1282 /* Frameworks */ = {
			isa = PBXFrameworksBuildPhase;
			buildActionMask = 2147483647;
			files = (
				AF8377402464AE96002219F5 /* Catalog.framework in Frameworks */,
				43E90B6083D5A5DEDAF0C218 /* Pods_LintSchool.framework in Frameworks */,
				AF8377422464AE96002219F5 /* Course.framework in Frameworks */,
				AF94608E2464AB53004F1282 /* Common.framework in Frameworks */,
				AF83773E2464AE96002219F5 /* Analytics.framework in Frameworks */,
			);
			runOnlyForDeploymentPostprocessing = 0;
		};
/* End PBXFrameworksBuildPhase section */

/* Begin PBXGroup section */
		1E8AC5C03AD9FA495F16D379 /* Frameworks */ = {
			isa = PBXGroup;
			children = (
				AF83773B2464AE96002219F5 /* Analytics.framework */,
				AF83773C2464AE96002219F5 /* Catalog.framework */,
				AF83773D2464AE96002219F5 /* Course.framework */,
				AF94608D2464AB53004F1282 /* Common.framework */,
				E3B4D88EB87665723E73E0E9 /* Pods_LintSchool.framework */,
			);
			name = Frameworks;
			sourceTree = "<group>";
		};
		AAA136042443E9527FE941DB /* Pods */ = {
			isa = PBXGroup;
			children = (
				211F3DCE9DE3F824F6F6C453 /* Pods-LintSchool.debug.xcconfig */,
				5A74AAAE29F413524C301EAF /* Pods-LintSchool.release.xcconfig */,
				C755F89875D727FFF26E3165 /* Pods-LintSchool.alpha.xcconfig */,
				9A595B988D253E97EF9ED742 /* Pods-LintSchool.beta.xcconfig */,
			);
			path = Pods;
			sourceTree = "<group>";
		};
		AF94601B2464A876004F1282 = {
			isa = PBXGroup;
			children = (
				AF9460262464A876004F1282 /* LintSchool */,
				AF9460252464A876004F1282 /* Products */,
				AAA136042443E9527FE941DB /* Pods */,
				1E8AC5C03AD9FA495F16D379 /* Frameworks */,
			);
			sourceTree = "<group>";
		};
		AF9460252464A876004F1282 /* Products */ = {
			isa = PBXGroup;
			children = (
				AF9460242464A876004F1282 /* LintSchool.app */,
			);
			name = Products;
			sourceTree = "<group>";
		};
		AF9460262464A876004F1282 /* LintSchool */ = {
			isa = PBXGroup;
			children = (
				AF94603B2464A8DB004F1282 /* App */,
				AF9460482464A980004F1282 /* Coordinators */,
				AF9460492464A98E004F1282 /* Home */,
				AF9460302464A877004F1282 /* Assets.xcassets */,
				AF9460322464A877004F1282 /* LaunchScreen.storyboard */,
				AF9460352464A877004F1282 /* Info.plist */,
			);
			path = LintSchool;
			sourceTree = "<group>";
		};
		AF94603B2464A8DB004F1282 /* App */ = {
			isa = PBXGroup;
			children = (
				AF9460272464A876004F1282 /* AppDelegate.swift */,
				AF9460292464A876004F1282 /* SceneDelegate.swift */,
				AFD34A152464CF71008DE2F3 /* Configuration.swift */,
			);
			path = App;
			sourceTree = "<group>";
		};
		AF9460482464A980004F1282 /* Coordinators */ = {
			isa = PBXGroup;
			children = (
				AF94603F2464A94C004F1282 /* CatalogCoordinator.swift */,
				AF9460402464A94C004F1282 /* CourseCoordinator.swift */,
				AF94603E2464A94C004F1282 /* MainCoordinator.swift */,
			);
			path = Coordinators;
			sourceTree = "<group>";
		};
		AF9460492464A98E004F1282 /* Home */ = {
			isa = PBXGroup;
			children = (
				AF9460452464A962004F1282 /* HomeViewController.swift */,
				AF9460442464A962004F1282 /* HomeViewController.xib */,
			);
			path = Home;
			sourceTree = "<group>";
		};
/* End PBXGroup section */

/* Begin PBXNativeTarget section */
		AF9460232464A876004F1282 /* LintSchool */ = {
			isa = PBXNativeTarget;
			buildConfigurationList = AF9460382464A877004F1282 /* Build configuration list for PBXNativeTarget "LintSchool" */;
			buildPhases = (
				3A74E91C798A70EE116BCF87 /* [CP] Check Pods Manifest.lock */,
				AF9460202464A876004F1282 /* Sources */,
				AF9460212464A876004F1282 /* Frameworks */,
				AF9460222464A876004F1282 /* Resources */,
				AF9460902464AB53004F1282 /* Embed Frameworks */,
			);
			buildRules = (
			);
			dependencies = (
			);
			name = LintSchool;
			productName = LintSchool;
			productReference = AF9460242464A876004F1282 /* LintSchool.app */;
			productType = "com.apple.product-type.application";
		};
/* End PBXNativeTarget section */

/* Begin PBXProject section */
		AF94601C2464A876004F1282 /* Project object */ = {
			isa = PBXProject;
			attributes = {
				LastSwiftUpdateCheck = 1140;
				LastUpgradeCheck = 1140;
				ORGANIZATIONNAME = Elgendy;
				TargetAttributes = {
					AF9460232464A876004F1282 = {
						CreatedOnToolsVersion = 11.4.1;
					};
				};
			};
			buildConfigurationList = AF94601F2464A876004F1282 /* Build configuration list for PBXProject "LintSchool" */;
			compatibilityVersion = "Xcode 9.3";
			developmentRegion = en;
			hasScannedForEncodings = 0;
			knownRegions = (
				en,
				Base,
			);
			mainGroup = AF94601B2464A876004F1282;
			productRefGroup = AF9460252464A876004F1282 /* Products */;
			projectDirPath = "";
			projectRoot = "";
			targets = (
				AF9460232464A876004F1282 /* LintSchool */,
			);
		};
/* End PBXProject section */

/* Begin PBXResourcesBuildPhase section */
		AF9460222464A876004F1282 /* Resources */ = {
			isa = PBXResourcesBuildPhase;
			buildActionMask = 2147483647;
			files = (
				AF9460342464A877004F1282 /* LaunchScreen.storyboard in Resources */,
				AF9460312464A877004F1282 /* Assets.xcassets in Resources */,
				AF9460462464A962004F1282 /* HomeViewController.xib in Resources */,
			);
			runOnlyForDeploymentPostprocessing = 0;
		};
/* End PBXResourcesBuildPhase section */

/* Begin PBXShellScriptBuildPhase section */
		3A74E91C798A70EE116BCF87 /* [CP] Check Pods Manifest.lock */ = {
			isa = PBXShellScriptBuildPhase;
			buildActionMask = 2147483647;
			files = (
			);
			inputFileListPaths = (
			);
			inputPaths = (
				"${PODS_PODFILE_DIR_PATH}/Podfile.lock",
				"${PODS_ROOT}/Manifest.lock",
			);
			name = "[CP] Check Pods Manifest.lock";
			outputFileListPaths = (
			);
			outputPaths = (
				"$(DERIVED_FILE_DIR)/Pods-LintSchool-checkManifestLockResult.txt",
			);
			runOnlyForDeploymentPostprocessing = 0;
			shellPath = /bin/sh;
			shellScript = "diff \"${PODS_PODFILE_DIR_PATH}/Podfile.lock\" \"${PODS_ROOT}/Manifest.lock\" > /dev/null\nif [ $? != 0 ] ; then\n    # print error to STDERR\n    echo \"error: The sandbox is not in sync with the Podfile.lock. Run 'pod install' or update your CocoaPods installation.\" >&2\n    exit 1\nfi\n# This output is used by Xcode 'outputs' to avoid re-running this script phase.\necho \"SUCCESS\" > \"${SCRIPT_OUTPUT_FILE_0}\"\n";
			showEnvVarsInLog = 0;
		};
/* End PBXShellScriptBuildPhase section */

/* Begin PBXSourcesBuildPhase section */
		AF9460202464A876004F1282 /* Sources */ = {
			isa = PBXSourcesBuildPhase;
			buildActionMask = 2147483647;
			files = (
				AF9460282464A876004F1282 /* AppDelegate.swift in Sources */,
				AF9460432464A94C004F1282 /* CourseCoordinator.swift in Sources */,
				AFD34A162464CF71008DE2F3 /* Configuration.swift in Sources */,
				AF9460412464A94C004F1282 /* MainCoordinator.swift in Sources */,
				AF94602A2464A876004F1282 /* SceneDelegate.swift in Sources */,
				AF9460472464A962004F1282 /* HomeViewController.swift in Sources */,
				AF9460422464A94C004F1282 /* CatalogCoordinator.swift in Sources */,
			);
			runOnlyForDeploymentPostprocessing = 0;
		};
/* End PBXSourcesBuildPhase section */

/* Begin PBXVariantGroup section */
		AF9460322464A877004F1282 /* LaunchScreen.storyboard */ = {
			isa = PBXVariantGroup;
			children = (
				AF9460332464A877004F1282 /* Base */,
			);
			name = LaunchScreen.storyboard;
			sourceTree = "<group>";
		};
/* End PBXVariantGroup section */

/* Begin XCBuildConfiguration section */
		AF9460362464A877004F1282 /* Debug */ = {
			isa = XCBuildConfiguration;
			buildSettings = {
				ALWAYS_SEARCH_USER_PATHS = NO;
				CLANG_ANALYZER_NONNULL = YES;
				CLANG_ANALYZER_NUMBER_OBJECT_CONVERSION = YES_AGGRESSIVE;
				CLANG_CXX_LANGUAGE_STANDARD = "gnu++14";
				CLANG_CXX_LIBRARY = "libc++";
				CLANG_ENABLE_MODULES = YES;
				CLANG_ENABLE_OBJC_ARC = YES;
				CLANG_ENABLE_OBJC_WEAK = YES;
				CLANG_WARN_BLOCK_CAPTURE_AUTORELEASING = YES;
				CLANG_WARN_BOOL_CONVERSION = YES;
				CLANG_WARN_COMMA = YES;
				CLANG_WARN_CONSTANT_CONVERSION = YES;
				CLANG_WARN_DEPRECATED_OBJC_IMPLEMENTATIONS = YES;
				CLANG_WARN_DIRECT_OBJC_ISA_USAGE = YES_ERROR;
				CLANG_WARN_DOCUMENTATION_COMMENTS = YES;
				CLANG_WARN_EMPTY_BODY = YES;
				CLANG_WARN_ENUM_CONVERSION = YES;
				CLANG_WARN_INFINITE_RECURSION = YES;
				CLANG_WARN_INT_CONVERSION = YES;
				CLANG_WARN_NON_LITERAL_NULL_CONVERSION = YES;
				CLANG_WARN_OBJC_IMPLICIT_RETAIN_SELF = YES;
				CLANG_WARN_OBJC_LITERAL_CONVERSION = YES;
				CLANG_WARN_OBJC_ROOT_CLASS = YES_ERROR;
				CLANG_WARN_RANGE_LOOP_ANALYSIS = YES;
				CLANG_WARN_STRICT_PROTOTYPES = YES;
				CLANG_WARN_SUSPICIOUS_MOVE = YES;
				CLANG_WARN_UNGUARDED_AVAILABILITY = YES_AGGRESSIVE;
				CLANG_WARN_UNREACHABLE_CODE = YES;
				CLANG_WARN__DUPLICATE_METHOD_MATCH = YES;
				COPY_PHASE_STRIP = NO;
				DEBUG_INFORMATION_FORMAT = dwarf;
				ENABLE_STRICT_OBJC_MSGSEND = YES;
				ENABLE_TESTABILITY = YES;
				GCC_C_LANGUAGE_STANDARD = gnu11;
				GCC_DYNAMIC_NO_PIC = NO;
				GCC_NO_COMMON_BLOCKS = YES;
				GCC_OPTIMIZATION_LEVEL = 0;
				GCC_PREPROCESSOR_DEFINITIONS = (
					"DEBUG=1",
					"$(inherited)",
				);
				GCC_WARN_64_TO_32_BIT_CONVERSION = YES;
				GCC_WARN_ABOUT_RETURN_TYPE = YES_ERROR;
				GCC_WARN_UNDECLARED_SELECTOR = YES;
				GCC_WARN_UNINITIALIZED_AUTOS = YES_AGGRESSIVE;
				GCC_WARN_UNUSED_FUNCTION = YES;
				GCC_WARN_UNUSED_VARIABLE = YES;
				IPHONEOS_DEPLOYMENT_TARGET = 13.4;
				MTL_ENABLE_DEBUG_INFO = INCLUDE_SOURCE;
				MTL_FAST_MATH = YES;
				ONLY_ACTIVE_ARCH = YES;
				SDKROOT = iphoneos;
				SWIFT_ACTIVE_COMPILATION_CONDITIONS = DEBUG;
				SWIFT_OPTIMIZATION_LEVEL = "-Onone";
			};
			name = Debug;
		};
		AF9460372464A877004F1282 /* Release */ = {
			isa = XCBuildConfiguration;
			buildSettings = {
				ALWAYS_SEARCH_USER_PATHS = NO;
				CLANG_ANALYZER_NONNULL = YES;
				CLANG_ANALYZER_NUMBER_OBJECT_CONVERSION = YES_AGGRESSIVE;
				CLANG_CXX_LANGUAGE_STANDARD = "gnu++14";
				CLANG_CXX_LIBRARY = "libc++";
				CLANG_ENABLE_MODULES = YES;
				CLANG_ENABLE_OBJC_ARC = YES;
				CLANG_ENABLE_OBJC_WEAK = YES;
				CLANG_WARN_BLOCK_CAPTURE_AUTORELEASING = YES;
				CLANG_WARN_BOOL_CONVERSION = YES;
				CLANG_WARN_COMMA = YES;
				CLANG_WARN_CONSTANT_CONVERSION = YES;
				CLANG_WARN_DEPRECATED_OBJC_IMPLEMENTATIONS = YES;
				CLANG_WARN_DIRECT_OBJC_ISA_USAGE = YES_ERROR;
				CLANG_WARN_DOCUMENTATION_COMMENTS = YES;
				CLANG_WARN_EMPTY_BODY = YES;
				CLANG_WARN_ENUM_CONVERSION = YES;
				CLANG_WARN_INFINITE_RECURSION = YES;
				CLANG_WARN_INT_CONVERSION = YES;
				CLANG_WARN_NON_LITERAL_NULL_CONVERSION = YES;
				CLANG_WARN_OBJC_IMPLICIT_RETAIN_SELF = YES;
				CLANG_WARN_OBJC_LITERAL_CONVERSION = YES;
				CLANG_WARN_OBJC_ROOT_CLASS = YES_ERROR;
				CLANG_WARN_RANGE_LOOP_ANALYSIS = YES;
				CLANG_WARN_STRICT_PROTOTYPES = YES;
				CLANG_WARN_SUSPICIOUS_MOVE = YES;
				CLANG_WARN_UNGUARDED_AVAILABILITY = YES_AGGRESSIVE;
				CLANG_WARN_UNREACHABLE_CODE = YES;
				CLANG_WARN__DUPLICATE_METHOD_MATCH = YES;
				COPY_PHASE_STRIP = NO;
				DEBUG_INFORMATION_FORMAT = "dwarf-with-dsym";
				ENABLE_NS_ASSERTIONS = NO;
				ENABLE_STRICT_OBJC_MSGSEND = YES;
				GCC_C_LANGUAGE_STANDARD = gnu11;
				GCC_NO_COMMON_BLOCKS = YES;
				GCC_WARN_64_TO_32_BIT_CONVERSION = YES;
				GCC_WARN_ABOUT_RETURN_TYPE = YES_ERROR;
				GCC_WARN_UNDECLARED_SELECTOR = YES;
				GCC_WARN_UNINITIALIZED_AUTOS = YES_AGGRESSIVE;
				GCC_WARN_UNUSED_FUNCTION = YES;
				GCC_WARN_UNUSED_VARIABLE = YES;
				IPHONEOS_DEPLOYMENT_TARGET = 13.4;
				MTL_ENABLE_DEBUG_INFO = NO;
				MTL_FAST_MATH = YES;
				SDKROOT = iphoneos;
				SWIFT_COMPILATION_MODE = wholemodule;
				SWIFT_OPTIMIZATION_LEVEL = "-O";
				VALIDATE_PRODUCT = YES;
			};
			name = Release;
		};
		AF9460392464A877004F1282 /* Debug */ = {
			isa = XCBuildConfiguration;
			baseConfigurationReference = 211F3DCE9DE3F824F6F6C453 /* Pods-LintSchool.debug.xcconfig */;
			buildSettings = {
				ASSETCATALOG_COMPILER_APPICON_NAME = AppIcon;
				CODE_SIGN_STYLE = Automatic;
				DEVELOPMENT_TEAM = SL6Z7K687C;
				INFOPLIST_FILE = LintSchool/Info.plist;
				LD_RUNPATH_SEARCH_PATHS = (
					"$(inherited)",
					"@executable_path/Frameworks",
				);
				PRODUCT_BUNDLE_IDENTIFIER = "dev.elgendy.LintSchool-Debug";
				PRODUCT_NAME = "$(TARGET_NAME)";
				SERVER_URL = "https://debug.lintschool.com";
				SWIFT_VERSION = 5.0;
				TARGETED_DEVICE_FAMILY = "1,2";
			};
			name = Debug;
		};
		AF94603A2464A877004F1282 /* Release */ = {
			isa = XCBuildConfiguration;
			baseConfigurationReference = 5A74AAAE29F413524C301EAF /* Pods-LintSchool.release.xcconfig */;
			buildSettings = {
				ASSETCATALOG_COMPILER_APPICON_NAME = AppIcon;
				CODE_SIGN_STYLE = Automatic;
				DEVELOPMENT_TEAM = SL6Z7K687C;
				INFOPLIST_FILE = LintSchool/Info.plist;
				LD_RUNPATH_SEARCH_PATHS = (
					"$(inherited)",
					"@executable_path/Frameworks",
				);
				PRODUCT_BUNDLE_IDENTIFIER = dev.elgendy.LintSchool;
				PRODUCT_NAME = "$(TARGET_NAME)";
				SERVER_URL = "https://release.lintschool.com";
				SWIFT_VERSION = 5.0;
				TARGETED_DEVICE_FAMILY = "1,2";
			};
			name = Release;
		};
		AFD349F92464CB5D008DE2F3 /* Alpha */ = {
			isa = XCBuildConfiguration;
			buildSettings = {
				ALWAYS_SEARCH_USER_PATHS = NO;
				CLANG_ANALYZER_NONNULL = YES;
				CLANG_ANALYZER_NUMBER_OBJECT_CONVERSION = YES_AGGRESSIVE;
				CLANG_CXX_LANGUAGE_STANDARD = "gnu++14";
				CLANG_CXX_LIBRARY = "libc++";
				CLANG_ENABLE_MODULES = YES;
				CLANG_ENABLE_OBJC_ARC = YES;
				CLANG_ENABLE_OBJC_WEAK = YES;
				CLANG_WARN_BLOCK_CAPTURE_AUTORELEASING = YES;
				CLANG_WARN_BOOL_CONVERSION = YES;
				CLANG_WARN_COMMA = YES;
				CLANG_WARN_CONSTANT_CONVERSION = YES;
				CLANG_WARN_DEPRECATED_OBJC_IMPLEMENTATIONS = YES;
				CLANG_WARN_DIRECT_OBJC_ISA_USAGE = YES_ERROR;
				CLANG_WARN_DOCUMENTATION_COMMENTS = YES;
				CLANG_WARN_EMPTY_BODY = YES;
				CLANG_WARN_ENUM_CONVERSION = YES;
				CLANG_WARN_INFINITE_RECURSION = YES;
				CLANG_WARN_INT_CONVERSION = YES;
				CLANG_WARN_NON_LITERAL_NULL_CONVERSION = YES;
				CLANG_WARN_OBJC_IMPLICIT_RETAIN_SELF = YES;
				CLANG_WARN_OBJC_LITERAL_CONVERSION = YES;
				CLANG_WARN_OBJC_ROOT_CLASS = YES_ERROR;
				CLANG_WARN_RANGE_LOOP_ANALYSIS = YES;
				CLANG_WARN_STRICT_PROTOTYPES = YES;
				CLANG_WARN_SUSPICIOUS_MOVE = YES;
				CLANG_WARN_UNGUARDED_AVAILABILITY = YES_AGGRESSIVE;
				CLANG_WARN_UNREACHABLE_CODE = YES;
				CLANG_WARN__DUPLICATE_METHOD_MATCH = YES;
				COPY_PHASE_STRIP = NO;
				DEBUG_INFORMATION_FORMAT = dwarf;
				ENABLE_STRICT_OBJC_MSGSEND = YES;
				ENABLE_TESTABILITY = YES;
				GCC_C_LANGUAGE_STANDARD = gnu11;
				GCC_DYNAMIC_NO_PIC = NO;
				GCC_NO_COMMON_BLOCKS = YES;
				GCC_OPTIMIZATION_LEVEL = 0;
				GCC_PREPROCESSOR_DEFINITIONS = (
					"DEBUG=1",
					"$(inherited)",
				);
				GCC_WARN_64_TO_32_BIT_CONVERSION = YES;
				GCC_WARN_ABOUT_RETURN_TYPE = YES_ERROR;
				GCC_WARN_UNDECLARED_SELECTOR = YES;
				GCC_WARN_UNINITIALIZED_AUTOS = YES_AGGRESSIVE;
				GCC_WARN_UNUSED_FUNCTION = YES;
				GCC_WARN_UNUSED_VARIABLE = YES;
				IPHONEOS_DEPLOYMENT_TARGET = 13.4;
				MTL_ENABLE_DEBUG_INFO = INCLUDE_SOURCE;
				MTL_FAST_MATH = YES;
				ONLY_ACTIVE_ARCH = YES;
				SDKROOT = iphoneos;
				SWIFT_ACTIVE_COMPILATION_CONDITIONS = DEBUG;
				SWIFT_OPTIMIZATION_LEVEL = "-Onone";
			};
			name = Alpha;
		};
		AFD349FA2464CB5D008DE2F3 /* Alpha */ = {
			isa = XCBuildConfiguration;
			baseConfigurationReference = C755F89875D727FFF26E3165 /* Pods-LintSchool.alpha.xcconfig */;
			buildSettings = {
				ASSETCATALOG_COMPILER_APPICON_NAME = AppIcon;
				CODE_SIGN_STYLE = Automatic;
				DEVELOPMENT_TEAM = SL6Z7K687C;
				INFOPLIST_FILE = LintSchool/Info.plist;
				LD_RUNPATH_SEARCH_PATHS = (
					"$(inherited)",
					"@executable_path/Frameworks",
				);
				PRODUCT_BUNDLE_IDENTIFIER = "dev.elgendy.LintSchool-Alpha";
				PRODUCT_NAME = "$(TARGET_NAME)";
				SERVER_URL = "https://alpha.lintschool.com";
				SWIFT_VERSION = 5.0;
				TARGETED_DEVICE_FAMILY = "1,2";
			};
			name = Alpha;
		};
		AFD349FB2464CB63008DE2F3 /* Beta */ = {
			isa = XCBuildConfiguration;
			buildSettings = {
				ALWAYS_SEARCH_USER_PATHS = NO;
				CLANG_ANALYZER_NONNULL = YES;
				CLANG_ANALYZER_NUMBER_OBJECT_CONVERSION = YES_AGGRESSIVE;
				CLANG_CXX_LANGUAGE_STANDARD = "gnu++14";
				CLANG_CXX_LIBRARY = "libc++";
				CLANG_ENABLE_MODULES = YES;
				CLANG_ENABLE_OBJC_ARC = YES;
				CLANG_ENABLE_OBJC_WEAK = YES;
				CLANG_WARN_BLOCK_CAPTURE_AUTORELEASING = YES;
				CLANG_WARN_BOOL_CONVERSION = YES;
				CLANG_WARN_COMMA = YES;
				CLANG_WARN_CONSTANT_CONVERSION = YES;
				CLANG_WARN_DEPRECATED_OBJC_IMPLEMENTATIONS = YES;
				CLANG_WARN_DIRECT_OBJC_ISA_USAGE = YES_ERROR;
				CLANG_WARN_DOCUMENTATION_COMMENTS = YES;
				CLANG_WARN_EMPTY_BODY = YES;
				CLANG_WARN_ENUM_CONVERSION = YES;
				CLANG_WARN_INFINITE_RECURSION = YES;
				CLANG_WARN_INT_CONVERSION = YES;
				CLANG_WARN_NON_LITERAL_NULL_CONVERSION = YES;
				CLANG_WARN_OBJC_IMPLICIT_RETAIN_SELF = YES;
				CLANG_WARN_OBJC_LITERAL_CONVERSION = YES;
				CLANG_WARN_OBJC_ROOT_CLASS = YES_ERROR;
				CLANG_WARN_RANGE_LOOP_ANALYSIS = YES;
				CLANG_WARN_STRICT_PROTOTYPES = YES;
				CLANG_WARN_SUSPICIOUS_MOVE = YES;
				CLANG_WARN_UNGUARDED_AVAILABILITY = YES_AGGRESSIVE;
				CLANG_WARN_UNREACHABLE_CODE = YES;
				CLANG_WARN__DUPLICATE_METHOD_MATCH = YES;
				COPY_PHASE_STRIP = NO;
				DEBUG_INFORMATION_FORMAT = dwarf;
				ENABLE_STRICT_OBJC_MSGSEND = YES;
				ENABLE_TESTABILITY = YES;
				GCC_C_LANGUAGE_STANDARD = gnu11;
				GCC_DYNAMIC_NO_PIC = NO;
				GCC_NO_COMMON_BLOCKS = YES;
				GCC_OPTIMIZATION_LEVEL = 0;
				GCC_PREPROCESSOR_DEFINITIONS = (
					"DEBUG=1",
					"$(inherited)",
				);
				GCC_WARN_64_TO_32_BIT_CONVERSION = YES;
				GCC_WARN_ABOUT_RETURN_TYPE = YES_ERROR;
				GCC_WARN_UNDECLARED_SELECTOR = YES;
				GCC_WARN_UNINITIALIZED_AUTOS = YES_AGGRESSIVE;
				GCC_WARN_UNUSED_FUNCTION = YES;
				GCC_WARN_UNUSED_VARIABLE = YES;
				IPHONEOS_DEPLOYMENT_TARGET = 13.4;
				MTL_ENABLE_DEBUG_INFO = INCLUDE_SOURCE;
				MTL_FAST_MATH = YES;
				ONLY_ACTIVE_ARCH = YES;
				SDKROOT = iphoneos;
				SWIFT_ACTIVE_COMPILATION_CONDITIONS = DEBUG;
				SWIFT_OPTIMIZATION_LEVEL = "-Onone";
			};
			name = Beta;
		};
		AFD349FC2464CB63008DE2F3 /* Beta */ = {
			isa = XCBuildConfiguration;
			baseConfigurationReference = 9A595B988D253E97EF9ED742 /* Pods-LintSchool.beta.xcconfig */;
			buildSettings = {
				ASSETCATALOG_COMPILER_APPICON_NAME = AppIcon;
				CODE_SIGN_STYLE = Automatic;
				DEVELOPMENT_TEAM = SL6Z7K687C;
				INFOPLIST_FILE = LintSchool/Info.plist;
				LD_RUNPATH_SEARCH_PATHS = (
					"$(inherited)",
					"@executable_path/Frameworks",
				);
				PRODUCT_BUNDLE_IDENTIFIER = "dev.elgendy.LintSchool-Beta";
				PRODUCT_NAME = "$(TARGET_NAME)";
				SERVER_URL = "https://beta.lintschool.com";
				SWIFT_VERSION = 5.0;
				TARGETED_DEVICE_FAMILY = "1,2";
			};
			name = Beta;
		};
/* End XCBuildConfiguration section */

/* Begin XCConfigurationList section */
		AF94601F2464A876004F1282 /* Build configuration list for PBXProject "LintSchool" */ = {
			isa = XCConfigurationList;
			buildConfigurations = (
				AF9460362464A877004F1282 /* Debug */,
				AFD349F92464CB5D008DE2F3 /* Alpha */,
				AFD349FB2464CB63008DE2F3 /* Beta */,
				AF9460372464A877004F1282 /* Release */,
			);
			defaultConfigurationIsVisible = 0;
			defaultConfigurationName = Release;
		};
		AF9460382464A877004F1282 /* Build configuration list for PBXNativeTarget "LintSchool" */ = {
			isa = XCConfigurationList;
			buildConfigurations = (
				AF9460392464A877004F1282 /* Debug */,
				AFD349FA2464CB5D008DE2F3 /* Alpha */,
				AFD349FC2464CB63008DE2F3 /* Beta */,
				AF94603A2464A877004F1282 /* Release */,
			);
			defaultConfigurationIsVisible = 0;
			defaultConfigurationName = Release;
		};
/* End XCConfigurationList section */
	};
	rootObject = AF94601C2464A876004F1282 /* Project object */;
}
